// !$*UTF8*$!
{
	archiveVersion = 1;
	classes = {
	};
	objectVersion = 56;
	objects = {

/* Begin PBXBuildFile section */
		4563575129E203E1005C0C26 /* JSHackerNewsAppApp.swift in Sources */ = {isa = PBXBuildFile; fileRef = 4563575029E203E1005C0C26 /* JSHackerNewsAppApp.swift */; };
		4563575329E203E1005C0C26 /* ContentView.swift in Sources */ = {isa = PBXBuildFile; fileRef = 4563575229E203E1005C0C26 /* ContentView.swift */; };
		4563575529E203E2005C0C26 /* Assets.xcassets in Resources */ = {isa = PBXBuildFile; fileRef = 4563575429E203E2005C0C26 /* Assets.xcassets */; };
		4563575829E203E2005C0C26 /* Preview Assets.xcassets in Resources */ = {isa = PBXBuildFile; fileRef = 4563575729E203E2005C0C26 /* Preview Assets.xcassets */; };
		4563576029E20670005C0C26 /* NetworkManager.swift in Sources */ = {isa = PBXBuildFile; fileRef = 4563575F29E20670005C0C26 /* NetworkManager.swift */; };
		4563576229E206EF005C0C26 /* Constants.swift in Sources */ = {isa = PBXBuildFile; fileRef = 4563576129E206EF005C0C26 /* Constants.swift */; };
		4563576429E208AA005C0C26 /* HackerNewsData.swift in Sources */ = {isa = PBXBuildFile; fileRef = 4563576329E208AA005C0C26 /* HackerNewsData.swift */; };
		4563576729E22C89005C0C26 /* DetailView.swift in Sources */ = {isa = PBXBuildFile; fileRef = 4563576629E22C89005C0C26 /* DetailView.swift */; };
		4563576929E23179005C0C26 /* WebView.swift in Sources */ = {isa = PBXBuildFile; fileRef = 4563576829E23179005C0C26 /* WebView.swift */; };
/* End PBXBuildFile section */

/* Begin PBXFileReference section */
		4563574D29E203E1005C0C26 /* JSHackerNewsApp.app */ = {isa = PBXFileReference; explicitFileType = wrapper.application; includeInIndex = 0; path = JSHackerNewsApp.app; sourceTree = BUILT_PRODUCTS_DIR; };
		4563575029E203E1005C0C26 /* JSHackerNewsAppApp.swift */ = {isa = PBXFileReference; lastKnownFileType = sourcecode.swift; path = JSHackerNewsAppApp.swift; sourceTree = "<group>"; };
		4563575229E203E1005C0C26 /* ContentView.swift */ = {isa = PBXFileReference; lastKnownFileType = sourcecode.swift; path = ContentView.swift; sourceTree = "<group>"; };
		4563575429E203E2005C0C26 /* Assets.xcassets */ = {isa = PBXFileReference; lastKnownFileType = folder.assetcatalog; path = Assets.xcassets; sourceTree = "<group>"; };
		4563575729E203E2005C0C26 /* Preview Assets.xcassets */ = {isa = PBXFileReference; lastKnownFileType = folder.assetcatalog; path = "Preview Assets.xcassets"; sourceTree = "<group>"; };
		4563575F29E20670005C0C26 /* NetworkManager.swift */ = {isa = PBXFileReference; lastKnownFileType = sourcecode.swift; path = NetworkManager.swift; sourceTree = "<group>"; };
		4563576129E206EF005C0C26 /* Constants.swift */ = {isa = PBXFileReference; lastKnownFileType = sourcecode.swift; path = Constants.swift; sourceTree = "<group>"; };
		4563576329E208AA005C0C26 /* HackerNewsData.swift */ = {isa = PBXFileReference; lastKnownFileType = sourcecode.swift; path = HackerNewsData.swift; sourceTree = "<group>"; };
		4563576629E22C89005C0C26 /* DetailView.swift */ = {isa = PBXFileReference; lastKnownFileType = sourcecode.swift; path = DetailView.swift; sourceTree = "<group>"; };
		4563576829E23179005C0C26 /* WebView.swift */ = {isa = PBXFileReference; lastKnownFileType = sourcecode.swift; path = WebView.swift; sourceTree = "<group>"; };
/* End PBXFileReference section */

/* Begin PBXFrameworksBuildPhase section */
		4563574A29E203E1005C0C26 /* Frameworks */ = {
			isa = PBXFrameworksBuildPhase;
			buildActionMask = 2147483647;
			files = (
			);
			runOnlyForDeploymentPostprocessing = 0;
		};
/* End PBXFrameworksBuildPhase section */

/* Begin PBXGroup section */
		4563574429E203E1005C0C26 = {
			isa = PBXGroup;
			children = (
				4563574F29E203E1005C0C26 /* JSHackerNewsApp */,
				4563574E29E203E1005C0C26 /* Products */,
			);
			sourceTree = "<group>";
		};
		4563574E29E203E1005C0C26 /* Products */ = {
			isa = PBXGroup;
			children = (
				4563574D29E203E1005C0C26 /* JSHackerNewsApp.app */,
			);
			name = Products;
			sourceTree = "<group>";
		};
		4563574F29E203E1005C0C26 /* JSHackerNewsApp */ = {
			isa = PBXGroup;
			children = (
				4563575E29E20656005C0C26 /* Models */,
				4563575029E203E1005C0C26 /* JSHackerNewsAppApp.swift */,
				4563576529E22C7B005C0C26 /* Views */,
				4563575429E203E2005C0C26 /* Assets.xcassets */,
				4563575629E203E2005C0C26 /* Preview Content */,
				4563576129E206EF005C0C26 /* Constants.swift */,
			);
			path = JSHackerNewsApp;
			sourceTree = "<group>";
		};
		4563575629E203E2005C0C26 /* Preview Content */ = {
			isa = PBXGroup;
			children = (
				4563575729E203E2005C0C26 /* Preview Assets.xcassets */,
			);
			path = "Preview Content";
			sourceTree = "<group>";
		};
		4563575E29E20656005C0C26 /* Models */ = {
			isa = PBXGroup;
			children = (
				4563575F29E20670005C0C26 /* NetworkManager.swift */,
				4563576329E208AA005C0C26 /* HackerNewsData.swift */,
			);
			path = Models;
			sourceTree = "<group>";
		};
		4563576529E22C7B005C0C26 /* Views */ = {
			isa = PBXGroup;
			children = (
				4563575229E203E1005C0C26 /* ContentView.swift */,
				4563576629E22C89005C0C26 /* DetailView.swift */,
				4563576829E23179005C0C26 /* WebView.swift */,
			);
			path = Views;
			sourceTree = "<group>";
		};
/* End PBXGroup section */

/* Begin PBXNativeTarget section */
		4563574C29E203E1005C0C26 /* JSHackerNewsApp */ = {
			isa = PBXNativeTarget;
			buildConfigurationList = 4563575B29E203E2005C0C26 /* Build configuration list for PBXNativeTarget "JSHackerNewsApp" */;
			buildPhases = (
				4563574929E203E1005C0C26 /* Sources */,
				4563574A29E203E1005C0C26 /* Frameworks */,
				4563574B29E203E1005C0C26 /* Resources */,
			);
			buildRules = (
			);
			dependencies = (
			);
			name = JSHackerNewsApp;
			productName = JSHackerNewsApp;
			productReference = 4563574D29E203E1005C0C26 /* JSHackerNewsApp.app */;
			productType = "com.apple.product-type.application";
		};
/* End PBXNativeTarget section */

/* Begin PBXProject section */
		4563574529E203E1005C0C26 /* Project object */ = {
			isa = PBXProject;
			attributes = {
				BuildIndependentTargetsInParallel = 1;
				LastSwiftUpdateCheck = 1420;
				LastUpgradeCheck = 1420;
				TargetAttributes = {
					4563574C29E203E1005C0C26 = {
						CreatedOnToolsVersion = 14.2;
					};
				};
			};
			buildConfigurationList = 4563574829E203E1005C0C26 /* Build configuration list for PBXProject "JSHackerNewsApp" */;
			compatibilityVersion = "Xcode 14.0";
			developmentRegion = en;
			hasScannedForEncodings = 0;
			knownRegions = (
				en,
				Base,
			);
			mainGroup = 4563574429E203E1005C0C26;
			productRefGroup = 4563574E29E203E1005C0C26 /* Products */;
			projectDirPath = "";
			projectRoot = "";
			targets = (
				4563574C29E203E1005C0C26 /* JSHackerNewsApp */,
			);
		};
/* End PBXProject section */

/* Begin PBXResourcesBuildPhase section */
		4563574B29E203E1005C0C26 /* Resources */ = {
			isa = PBXResourcesBuildPhase;
			buildActionMask = 2147483647;
			files = (
				4563575829E203E2005C0C26 /* Preview Assets.xcassets in Resources */,
				4563575529E203E2005C0C26 /* Assets.xcassets in Resources */,
			);
			runOnlyForDeploymentPostprocessing = 0;
		};
/* End PBXResourcesBuildPhase section */

/* Begin PBXSourcesBuildPhase section */
		4563574929E203E1005C0C26 /* Sources */ = {
			isa = PBXSourcesBuildPhase;
			buildActionMask = 2147483647;
			files = (
				4563576029E20670005C0C26 /* NetworkManager.swift in Sources */,
				4563576729E22C89005C0C26 /* DetailView.swift in Sources */,
				4563575329E203E1005C0C26 /* ContentView.swift in Sources */,
				4563576429E208AA005C0C26 /* HackerNewsData.swift in Sources */,
				4563575129E203E1005C0C26 /* JSHackerNewsAppApp.swift in Sources */,
				4563576229E206EF005C0C26 /* Constants.swift in Sources */,
				4563576929E23179005C0C26 /* WebView.swift in Sources */,
			);
			runOnlyForDeploymentPostprocessing = 0;
		};
/* End PBXSourcesBuildPhase section */

/* Begin XCBuildConfiguration section */
		4563575929E203E2005C0C26 /* Debug */ = {
			isa = XCBuildConfiguration;
			buildSettings = {
				ALWAYS_SEARCH_USER_PATHS = NO;
				CLANG_ANALYZER_NONNULL = YES;
				CLANG_ANALYZER_NUMBER_OBJECT_CONVERSION = YES_AGGRESSIVE;
				CLANG_CXX_LANGUAGE_STANDARD = "gnu++20";
				CLANG_ENABLE_MODULES = YES;
				CLANG_ENABLE_OBJC_ARC = YES;
				CLANG_ENABLE_OBJC_WEAK = YES;
				CLANG_WARN_BLOCK_CAPTURE_AUTORELEASING = YES;
				CLANG_WARN_BOOL_CONVERSION = YES;
				CLANG_WARN_COMMA = YES;
				CLANG_WARN_CONSTANT_CONVERSION = YES;
				CLANG_WARN_DEPRECATED_OBJC_IMPLEMENTATIONS = YES;
				CLANG_WARN_DIRECT_OBJC_ISA_USAGE = YES_ERROR;
				CLANG_WARN_DOCUMENTATION_COMMENTS = YES;
				CLANG_WARN_EMPTY_BODY = YES;
				CLANG_WARN_ENUM_CONVERSION = YES;
				CLANG_WARN_INFINITE_RECURSION = YES;
				CLANG_WARN_INT_CONVERSION = YES;
				CLANG_WARN_NON_LITERAL_NULL_CONVERSION = YES;
				CLANG_WARN_OBJC_IMPLICIT_RETAIN_SELF = YES;
				CLANG_WARN_OBJC_LITERAL_CONVERSION = YES;
				CLANG_WARN_OBJC_ROOT_CLASS = YES_ERROR;
				CLANG_WARN_QUOTED_INCLUDE_IN_FRAMEWORK_HEADER = YES;
				CLANG_WARN_RANGE_LOOP_ANALYSIS = YES;
				CLANG_WARN_STRICT_PROTOTYPES = YES;
				CLANG_WARN_SUSPICIOUS_MOVE = YES;
				CLANG_WARN_UNGUARDED_AVAILABILITY = YES_AGGRESSIVE;
				CLANG_WARN_UNREACHABLE_CODE = YES;
				CLANG_WARN__DUPLICATE_METHOD_MATCH = YES;
				COPY_PHASE_STRIP = NO;
				DEBUG_INFORMATION_FORMAT = dwarf;
				ENABLE_STRICT_OBJC_MSGSEND = YES;
				ENABLE_TESTABILITY = YES;
				GCC_C_LANGUAGE_STANDARD = gnu11;
				GCC_DYNAMIC_NO_PIC = NO;
				GCC_NO_COMMON_BLOCKS = YES;
				GCC_OPTIMIZATION_LEVEL = 0;
				GCC_PREPROCESSOR_DEFINITIONS = (
					"DEBUG=1",
					"$(inherited)",
				);
				GCC_WARN_64_TO_32_BIT_CONVERSION = YES;
				GCC_WARN_ABOUT_RETURN_TYPE = YES_ERROR;
				GCC_WARN_UNDECLARED_SELECTOR = YES;
				GCC_WARN_UNINITIALIZED_AUTOS = YES_AGGRESSIVE;
				GCC_WARN_UNUSED_FUNCTION = YES;
				GCC_WARN_UNUSED_VARIABLE = YES;
				IPHONEOS_DEPLOYMENT_TARGET = 16.2;
				MTL_ENABLE_DEBUG_INFO = INCLUDE_SOURCE;
				MTL_FAST_MATH = YES;
				ONLY_ACTIVE_ARCH = YES;
				SDKROOT = iphoneos;
				SWIFT_ACTIVE_COMPILATION_CONDITIONS = DEBUG;
				SWIFT_OPTIMIZATION_LEVEL = "-Onone";
			};
			name = Debug;
		};
		4563575A29E203E2005C0C26 /* Release */ = {
			isa = XCBuildConfiguration;
			buildSettings = {
				ALWAYS_SEARCH_USER_PATHS = NO;
				CLANG_ANALYZER_NONNULL = YES;
				CLANG_ANALYZER_NUMBER_OBJECT_CONVERSION = YES_AGGRESSIVE;
				CLANG_CXX_LANGUAGE_STANDARD = "gnu++20";
				CLANG_ENABLE_MODULES = YES;
				CLANG_ENABLE_OBJC_ARC = YES;
				CLANG_ENABLE_OBJC_WEAK = YES;
				CLANG_WARN_BLOCK_CAPTURE_AUTORELEASING = YES;
				CLANG_WARN_BOOL_CONVERSION = YES;
				CLANG_WARN_COMMA = YES;
				CLANG_WARN_CONSTANT_CONVERSION = YES;
				CLANG_WARN_DEPRECATED_OBJC_IMPLEMENTATIONS = YES;
				CLANG_WARN_DIRECT_OBJC_ISA_USAGE = YES_ERROR;
				CLANG_WARN_DOCUMENTATION_COMMENTS = YES;
				CLANG_WARN_EMPTY_BODY = YES;
				CLANG_WARN_ENUM_CONVERSION = YES;
				CLANG_WARN_INFINITE_RECURSION = YES;
				CLANG_WARN_INT_CONVERSION = YES;
				CLANG_WARN_NON_LITERAL_NULL_CONVERSION = YES;
				CLANG_WARN_OBJC_IMPLICIT_RETAIN_SELF = YES;
				CLANG_WARN_OBJC_LITERAL_CONVERSION = YES;
				CLANG_WARN_OBJC_ROOT_CLASS = YES_ERROR;
				CLANG_WARN_QUOTED_INCLUDE_IN_FRAMEWORK_HEADER = YES;
				CLANG_WARN_RANGE_LOOP_ANALYSIS = YES;
				CLANG_WARN_STRICT_PROTOTYPES = YES;
				CLANG_WARN_SUSPICIOUS_MOVE = YES;
				CLANG_WARN_UNGUARDED_AVAILABILITY = YES_AGGRESSIVE;
				CLANG_WARN_UNREACHABLE_CODE = YES;
				CLANG_WARN__DUPLICATE_METHOD_MATCH = YES;
				COPY_PHASE_STRIP = NO;
				DEBUG_INFORMATION_FORMAT = "dwarf-with-dsym";
				ENABLE_NS_ASSERTIONS = NO;
				ENABLE_STRICT_OBJC_MSGSEND = YES;
				GCC_C_LANGUAGE_STANDARD = gnu11;
				GCC_NO_COMMON_BLOCKS = YES;
				GCC_WARN_64_TO_32_BIT_CONVERSION = YES;
				GCC_WARN_ABOUT_RETURN_TYPE = YES_ERROR;
				GCC_WARN_UNDECLARED_SELECTOR = YES;
				GCC_WARN_UNINITIALIZED_AUTOS = YES_AGGRESSIVE;
				GCC_WARN_UNUSED_FUNCTION = YES;
				GCC_WARN_UNUSED_VARIABLE = YES;
				IPHONEOS_DEPLOYMENT_TARGET = 16.2;
				MTL_ENABLE_DEBUG_INFO = NO;
				MTL_FAST_MATH = YES;
				SDKROOT = iphoneos;
				SWIFT_COMPILATION_MODE = wholemodule;
				SWIFT_OPTIMIZATION_LEVEL = "-O";
				VALIDATE_PRODUCT = YES;
			};
			name = Release;
		};
		4563575C29E203E2005C0C26 /* Debug */ = {
			isa = XCBuildConfiguration;
			buildSettings = {
				ASSETCATALOG_COMPILER_APPICON_NAME = AppIcon;
				ASSETCATALOG_COMPILER_GLOBAL_ACCENT_COLOR_NAME = AccentColor;
				CODE_SIGN_STYLE = Automatic;
				CURRENT_PROJECT_VERSION = 1;
				DEVELOPMENT_ASSET_PATHS = "\"JSHackerNewsApp/Preview Content\"";
				ENABLE_PREVIEWS = YES;
				GENERATE_INFOPLIST_FILE = YES;
				INFOPLIST_KEY_UIApplicationSceneManifest_Generation = YES;
				INFOPLIST_KEY_UIApplicationSupportsIndirectInputEvents = YES;
				INFOPLIST_KEY_UILaunchScreen_Generation = YES;
				INFOPLIST_KEY_UISupportedInterfaceOrientations_iPad = "UIInterfaceOrientationPortrait UIInterfaceOrientationPortraitUpsideDown UIInterfaceOrientationLandscapeLeft UIInterfaceOrientationLandscapeRight";
				INFOPLIST_KEY_UISupportedInterfaceOrientations_iPhone = "UIInterfaceOrientationPortrait UIInterfaceOrientationLandscapeLeft UIInterfaceOrientationLandscapeRight";
				LD_RUNPATH_SEARCH_PATHS = (
					"$(inherited)",
					"@executable_path/Frameworks",
				);
				MARKETING_VERSION = 1.0;
				PRODUCT_BUNDLE_IDENTIFIER = com.oasjs.JSHackerNewsApp;
				PRODUCT_NAME = "$(TARGET_NAME)";
				SWIFT_EMIT_LOC_STRINGS = YES;
				SWIFT_VERSION = 5.0;
				TARGETED_DEVICE_FAMILY = "1,2";
			};
			name = Debug;
		};
		4563575D29E203E2005C0C26 /* Release */ = {
			isa = XCBuildConfiguration;
			buildSettings = {
				ASSETCATALOG_COMPILER_APPICON_NAME = AppIcon;
				ASSETCATALOG_COMPILER_GLOBAL_ACCENT_COLOR_NAME = AccentColor;
				CODE_SIGN_STYLE = Automatic;
				CURRENT_PROJECT_VERSION = 1;
				DEVELOPMENT_ASSET_PATHS = "\"JSHackerNewsApp/Preview Content\"";
				ENABLE_PREVIEWS = YES;
				GENERATE_INFOPLIST_FILE = YES;
				INFOPLIST_KEY_UIApplicationSceneManifest_Generation = YES;
				INFOPLIST_KEY_UIApplicationSupportsIndirectInputEvents = YES;
				INFOPLIST_KEY_UILaunchScreen_Generation = YES;
				INFOPLIST_KEY_UISupportedInterfaceOrientations_iPad = "UIInterfaceOrientationPortrait UIInterfaceOrientationPortraitUpsideDown UIInterfaceOrientationLandscapeLeft UIInterfaceOrientationLandscapeRight";
				INFOPLIST_KEY_UISupportedInterfaceOrientations_iPhone = "UIInterfaceOrientationPortrait UIInterfaceOrientationLandscapeLeft UIInterfaceOrientationLandscapeRight";
				LD_RUNPATH_SEARCH_PATHS = (
					"$(inherited)",
					"@executable_path/Frameworks",
				);
				MARKETING_VERSION = 1.0;
				PRODUCT_BUNDLE_IDENTIFIER = com.oasjs.JSHackerNewsApp;
				PRODUCT_NAME = "$(TARGET_NAME)";
				SWIFT_EMIT_LOC_STRINGS = YES;
				SWIFT_VERSION = 5.0;
				TARGETED_DEVICE_FAMILY = "1,2";
			};
			name = Release;
		};
/* End XCBuildConfiguration section */

/* Begin XCConfigurationList section */
		4563574829E203E1005C0C26 /* Build configuration list for PBXProject "JSHackerNewsApp" */ = {
			isa = XCConfigurationList;
			buildConfigurations = (
				4563575929E203E2005C0C26 /* Debug */,
				4563575A29E203E2005C0C26 /* Release */,
			);
			defaultConfigurationIsVisible = 0;
			defaultConfigurationName = Release;
		};
		4563575B29E203E2005C0C26 /* Build configuration list for PBXNativeTarget "JSHackerNewsApp" */ = {
			isa = XCConfigurationList;
			buildConfigurations = (
				4563575C29E203E2005C0C26 /* Debug */,
				4563575D29E203E2005C0C26 /* Release */,
			);
			defaultConfigurationIsVisible = 0;
			defaultConfigurationName = Release;
		};
/* End XCConfigurationList section */
	};
	rootObject = 4563574529E203E1005C0C26 /* Project object */;
}
